
Microsoft Visual Studio Solution File, Format Version 12.00
# Visual Studio Version 16
VisualStudioVersion = 16.0.31410.357
MinimumVisualStudioVersion = 10.0.40219.1
Project("{FAE04EC0-301F-11D3-BF4B-00C04F79EFBC}") = "Course", "Course\Course.csproj", "{D384E03D-8EA1-4FB1-AB1E-D85562B8074A}"
EndProject
Global
	GlobalSection(SolutionConfigurationPlatforms) = preSolution
		Debug|Any CPU = Debug|Any CPU
		Release|Any CPU = Release|Any CPU
	EndGlobalSection
	GlobalSection(ProjectConfigurationPlatforms) = postSolution
		{D384E03D-8EA1-4FB1-AB1E-D85562B8074A}.Debug|Any CPU.ActiveCfg = Debug|Any CPU
		{D384E03D-8EA1-4FB1-AB1E-D85562B8074A}.Debug|Any CPU.Build.0 = Debug|Any CPU
		{D384E03D-8EA1-4FB1-AB1E-D85562B8074A}.Release|Any CPU.ActiveCfg = Release|Any CPU
		{D384E03D-8EA1-4FB1-AB1E-D85562B8074A}.Release|Any CPU.Build.0 = Release|Any CPU
	EndGlobalSection
	GlobalSection(SolutionProperties) = preSolution
		HideSolutionNode = FALSE
	EndGlobalSection
	GlobalSection(ExtensibilityGlobals) = postSolution
		SolutionGuid = {2FC2F105-F560-4AA5-AA8B-28EC0AC33F1F}
	EndGlobalSection
EndGlobal
